// !$*UTF8*$!
{
	archiveVersion = 1;
	classes = {
	};
	objectVersion = 50;
	objects = {

/* Begin PBXBuildFile section */
		8B1AA656215EAE2E007657FF /* With.swift in Sources */ = {isa = PBXBuildFile; fileRef = 8B1AA655215EAE2E007657FF /* With.swift */; };
		8B1AA658215EAED6007657FF /* UIView.swift in Sources */ = {isa = PBXBuildFile; fileRef = 8B1AA657215EAED6007657FF /* UIView.swift */; };
		8B1AA65A215EAF04007657FF /* UITableViewCell.swift in Sources */ = {isa = PBXBuildFile; fileRef = 8B1AA659215EAF04007657FF /* UITableViewCell.swift */; };
		8B1AA65C215EAF43007657FF /* AppButton.swift in Sources */ = {isa = PBXBuildFile; fileRef = 8B1AA65B215EAF43007657FF /* AppButton.swift */; };
		8B1AA660215EAF5D007657FF /* AppLabel.swift in Sources */ = {isa = PBXBuildFile; fileRef = 8B1AA65F215EAF5D007657FF /* AppLabel.swift */; };
		8B1AA662215EAF73007657FF /* AppView.swift in Sources */ = {isa = PBXBuildFile; fileRef = 8B1AA661215EAF73007657FF /* AppView.swift */; };
		8B1AA664215EAFBF007657FF /* UIWindow.swift in Sources */ = {isa = PBXBuildFile; fileRef = 8B1AA663215EAFBF007657FF /* UIWindow.swift */; };
		8B1AA666215EC593007657FF /* MainViewController.swift in Sources */ = {isa = PBXBuildFile; fileRef = 8B1AA665215EC593007657FF /* MainViewController.swift */; };
		8B1AA668215ED777007657FF /* AppSwitch.swift in Sources */ = {isa = PBXBuildFile; fileRef = 8B1AA667215ED777007657FF /* AppSwitch.swift */; };
		8B1AA66A215EDD8E007657FF /* AppSegmentedControl.swift in Sources */ = {isa = PBXBuildFile; fileRef = 8B1AA669215EDD8E007657FF /* AppSegmentedControl.swift */; };
		8B1AA66C215FD109007657FF /* AppStepper.swift in Sources */ = {isa = PBXBuildFile; fileRef = 8B1AA66B215FD109007657FF /* AppStepper.swift */; };
		8B1AA66E215FD184007657FF /* AppSlider.swift in Sources */ = {isa = PBXBuildFile; fileRef = 8B1AA66D215FD184007657FF /* AppSlider.swift */; };
		8B2086AE215D3AB0005EDF26 /* AppDelegate.swift in Sources */ = {isa = PBXBuildFile; fileRef = 8B2086AD215D3AB0005EDF26 /* AppDelegate.swift */; };
		8B2086B5215D3AB0005EDF26 /* Main.storyboard in Resources */ = {isa = PBXBuildFile; fileRef = 8B2086B3215D3AB0005EDF26 /* Main.storyboard */; };
		8B2086B7215D3AB1005EDF26 /* Assets.xcassets in Resources */ = {isa = PBXBuildFile; fileRef = 8B2086B6215D3AB1005EDF26 /* Assets.xcassets */; };
		8B2086BA215D3AB1005EDF26 /* LaunchScreen.storyboard in Resources */ = {isa = PBXBuildFile; fileRef = 8B2086B8215D3AB1005EDF26 /* LaunchScreen.storyboard */; };
		8B2086C5215D3E68005EDF26 /* Theme.swift in Sources */ = {isa = PBXBuildFile; fileRef = 8B2086C4215D3E68005EDF26 /* Theme.swift */; };
		8B2086C8215D3E77005EDF26 /* LightTheme.swift in Sources */ = {isa = PBXBuildFile; fileRef = 8B2086C7215D3E77005EDF26 /* LightTheme.swift */; };
		8B2086CA215D3E7E005EDF26 /* DarkTheme.swift in Sources */ = {isa = PBXBuildFile; fileRef = 8B2086C9215D3E7E005EDF26 /* DarkTheme.swift */; };
		8B2086CC215D3E89005EDF26 /* OceanTheme.swift in Sources */ = {isa = PBXBuildFile; fileRef = 8B2086CB215D3E89005EDF26 /* OceanTheme.swift */; };
/* End PBXBuildFile section */

/* Begin PBXFileReference section */
		8B1AA655215EAE2E007657FF /* With.swift */ = {isa = PBXFileReference; lastKnownFileType = sourcecode.swift; path = With.swift; sourceTree = "<group>"; };
		8B1AA657215EAED6007657FF /* UIView.swift */ = {isa = PBXFileReference; lastKnownFileType = sourcecode.swift; path = UIView.swift; sourceTree = "<group>"; };
		8B1AA659215EAF04007657FF /* UITableViewCell.swift */ = {isa = PBXFileReference; lastKnownFileType = sourcecode.swift; path = UITableViewCell.swift; sourceTree = "<group>"; };
		8B1AA65B215EAF43007657FF /* AppButton.swift */ = {isa = PBXFileReference; lastKnownFileType = sourcecode.swift; path = AppButton.swift; sourceTree = "<group>"; };
		8B1AA65F215EAF5D007657FF /* AppLabel.swift */ = {isa = PBXFileReference; lastKnownFileType = sourcecode.swift; path = AppLabel.swift; sourceTree = "<group>"; };
		8B1AA661215EAF73007657FF /* AppView.swift */ = {isa = PBXFileReference; lastKnownFileType = sourcecode.swift; path = AppView.swift; sourceTree = "<group>"; };
		8B1AA663215EAFBF007657FF /* UIWindow.swift */ = {isa = PBXFileReference; lastKnownFileType = sourcecode.swift; path = UIWindow.swift; sourceTree = "<group>"; };
		8B1AA665215EC593007657FF /* MainViewController.swift */ = {isa = PBXFileReference; lastKnownFileType = sourcecode.swift; path = MainViewController.swift; sourceTree = "<group>"; };
		8B1AA667215ED777007657FF /* AppSwitch.swift */ = {isa = PBXFileReference; lastKnownFileType = sourcecode.swift; path = AppSwitch.swift; sourceTree = "<group>"; };
		8B1AA669215EDD8E007657FF /* AppSegmentedControl.swift */ = {isa = PBXFileReference; lastKnownFileType = sourcecode.swift; path = AppSegmentedControl.swift; sourceTree = "<group>"; };
		8B1AA66B215FD109007657FF /* AppStepper.swift */ = {isa = PBXFileReference; lastKnownFileType = sourcecode.swift; path = AppStepper.swift; sourceTree = "<group>"; };
		8B1AA66D215FD184007657FF /* AppSlider.swift */ = {isa = PBXFileReference; lastKnownFileType = sourcecode.swift; path = AppSlider.swift; sourceTree = "<group>"; };
		8B2086AA215D3AB0005EDF26 /* ThemeKit.app */ = {isa = PBXFileReference; explicitFileType = wrapper.application; includeInIndex = 0; path = ThemeKit.app; sourceTree = BUILT_PRODUCTS_DIR; };
		8B2086AD215D3AB0005EDF26 /* AppDelegate.swift */ = {isa = PBXFileReference; lastKnownFileType = sourcecode.swift; path = AppDelegate.swift; sourceTree = "<group>"; };
		8B2086B4215D3AB0005EDF26 /* Base */ = {isa = PBXFileReference; lastKnownFileType = file.storyboard; name = Base; path = Base.lproj/Main.storyboard; sourceTree = "<group>"; };
		8B2086B6215D3AB1005EDF26 /* Assets.xcassets */ = {isa = PBXFileReference; lastKnownFileType = folder.assetcatalog; path = Assets.xcassets; sourceTree = "<group>"; };
		8B2086B9215D3AB1005EDF26 /* Base */ = {isa = PBXFileReference; lastKnownFileType = file.storyboard; name = Base; path = Base.lproj/LaunchScreen.storyboard; sourceTree = "<group>"; };
		8B2086BB215D3AB1005EDF26 /* Info.plist */ = {isa = PBXFileReference; lastKnownFileType = text.plist.xml; path = Info.plist; sourceTree = "<group>"; };
		8B2086C4215D3E68005EDF26 /* Theme.swift */ = {isa = PBXFileReference; lastKnownFileType = sourcecode.swift; path = Theme.swift; sourceTree = "<group>"; };
		8B2086C7215D3E77005EDF26 /* LightTheme.swift */ = {isa = PBXFileReference; lastKnownFileType = sourcecode.swift; path = LightTheme.swift; sourceTree = "<group>"; };
		8B2086C9215D3E7E005EDF26 /* DarkTheme.swift */ = {isa = PBXFileReference; lastKnownFileType = sourcecode.swift; path = DarkTheme.swift; sourceTree = "<group>"; };
		8B2086CB215D3E89005EDF26 /* OceanTheme.swift */ = {isa = PBXFileReference; lastKnownFileType = sourcecode.swift; path = OceanTheme.swift; sourceTree = "<group>"; };
/* End PBXFileReference section */

/* Begin PBXFrameworksBuildPhase section */
		8B2086A7215D3AB0005EDF26 /* Frameworks */ = {
			isa = PBXFrameworksBuildPhase;
			buildActionMask = 2147483647;
			files = (
			);
			runOnlyForDeploymentPostprocessing = 0;
		};
/* End PBXFrameworksBuildPhase section */

/* Begin PBXGroup section */
		8B2086A1215D3AB0005EDF26 = {
			isa = PBXGroup;
			children = (
				8B2086AC215D3AB0005EDF26 /* ThemeKit */,
				8B2086AB215D3AB0005EDF26 /* Products */,
			);
			sourceTree = "<group>";
		};
		8B2086AB215D3AB0005EDF26 /* Products */ = {
			isa = PBXGroup;
			children = (
				8B2086AA215D3AB0005EDF26 /* ThemeKit.app */,
			);
			name = Products;
			sourceTree = "<group>";
		};
		8B2086AC215D3AB0005EDF26 /* ThemeKit */ = {
			isa = PBXGroup;
			children = (
				8B2086CE215D4120005EDF26 /* Extensions */,
				8B2086C2215D3AF4005EDF26 /* Controls */,
				8B2086C3215D3E59005EDF26 /* Styles */,
				8B1AA665215EC593007657FF /* MainViewController.swift */,
				8B2086AD215D3AB0005EDF26 /* AppDelegate.swift */,
				8B2086B3215D3AB0005EDF26 /* Main.storyboard */,
				8B2086B8215D3AB1005EDF26 /* LaunchScreen.storyboard */,
				8B2086B6215D3AB1005EDF26 /* Assets.xcassets */,
				8B2086BB215D3AB1005EDF26 /* Info.plist */,
			);
			path = ThemeKit;
			sourceTree = "<group>";
		};
		8B2086C2215D3AF4005EDF26 /* Controls */ = {
			isa = PBXGroup;
			children = (
				8B1AA65B215EAF43007657FF /* AppButton.swift */,
				8B1AA65F215EAF5D007657FF /* AppLabel.swift */,
				8B1AA669215EDD8E007657FF /* AppSegmentedControl.swift */,
				8B1AA66D215FD184007657FF /* AppSlider.swift */,
				8B1AA66B215FD109007657FF /* AppStepper.swift */,
				8B1AA667215ED777007657FF /* AppSwitch.swift */,
				8B1AA661215EAF73007657FF /* AppView.swift */,
			);
			path = Controls;
			sourceTree = "<group>";
		};
		8B2086C3215D3E59005EDF26 /* Styles */ = {
			isa = PBXGroup;
			children = (
				8B2086C6215D3E6C005EDF26 /* Themes */,
				8B2086C4215D3E68005EDF26 /* Theme.swift */,
			);
			path = Styles;
			sourceTree = "<group>";
		};
		8B2086C6215D3E6C005EDF26 /* Themes */ = {
			isa = PBXGroup;
			children = (
				8B2086C9215D3E7E005EDF26 /* DarkTheme.swift */,
				8B2086C7215D3E77005EDF26 /* LightTheme.swift */,
				8B2086CB215D3E89005EDF26 /* OceanTheme.swift */,
			);
			path = Themes;
			sourceTree = "<group>";
		};
		8B2086CE215D4120005EDF26 /* Extensions */ = {
			isa = PBXGroup;
			children = (
				8B1AA659215EAF04007657FF /* UITableViewCell.swift */,
				8B1AA657215EAED6007657FF /* UIView.swift */,
				8B1AA663215EAFBF007657FF /* UIWindow.swift */,
				8B1AA655215EAE2E007657FF /* With.swift */,
			);
			path = Extensions;
			sourceTree = "<group>";
		};
/* End PBXGroup section */

/* Begin PBXNativeTarget section */
		8B2086A9215D3AB0005EDF26 /* ThemeKit */ = {
			isa = PBXNativeTarget;
			buildConfigurationList = 8B2086BE215D3AB1005EDF26 /* Build configuration list for PBXNativeTarget "ThemeKit" */;
			buildPhases = (
				8B2086A6215D3AB0005EDF26 /* Sources */,
				8B2086A7215D3AB0005EDF26 /* Frameworks */,
				8B2086A8215D3AB0005EDF26 /* Resources */,
			);
			buildRules = (
			);
			dependencies = (
			);
			name = ThemeKit;
			productName = ThemeKit;
			productReference = 8B2086AA215D3AB0005EDF26 /* ThemeKit.app */;
			productType = "com.apple.product-type.application";
		};
/* End PBXNativeTarget section */

/* Begin PBXProject section */
		8B2086A2215D3AB0005EDF26 /* Project object */ = {
			isa = PBXProject;
			attributes = {
				LastSwiftUpdateCheck = 1000;
				LastUpgradeCheck = 1000;
				ORGANIZATIONNAME = "Basem Emara";
				TargetAttributes = {
					8B2086A9215D3AB0005EDF26 = {
						CreatedOnToolsVersion = 10.0;
					};
				};
			};
			buildConfigurationList = 8B2086A5215D3AB0005EDF26 /* Build configuration list for PBXProject "ThemeKit" */;
			compatibilityVersion = "Xcode 9.3";
			developmentRegion = en;
			hasScannedForEncodings = 0;
			knownRegions = (
				en,
				Base,
			);
			mainGroup = 8B2086A1215D3AB0005EDF26;
			productRefGroup = 8B2086AB215D3AB0005EDF26 /* Products */;
			projectDirPath = "";
			projectRoot = "";
			targets = (
				8B2086A9215D3AB0005EDF26 /* ThemeKit */,
			);
		};
/* End PBXProject section */

/* Begin PBXResourcesBuildPhase section */
		8B2086A8215D3AB0005EDF26 /* Resources */ = {
			isa = PBXResourcesBuildPhase;
			buildActionMask = 2147483647;
			files = (
				8B2086BA215D3AB1005EDF26 /* LaunchScreen.storyboard in Resources */,
				8B2086B7215D3AB1005EDF26 /* Assets.xcassets in Resources */,
				8B2086B5215D3AB0005EDF26 /* Main.storyboard in Resources */,
			);
			runOnlyForDeploymentPostprocessing = 0;
		};
/* End PBXResourcesBuildPhase section */

/* Begin PBXSourcesBuildPhase section */
		8B2086A6215D3AB0005EDF26 /* Sources */ = {
			isa = PBXSourcesBuildPhase;
			buildActionMask = 2147483647;
			files = (
				8B1AA662215EAF73007657FF /* AppView.swift in Sources */,
				8B1AA65A215EAF04007657FF /* UITableViewCell.swift in Sources */,
				8B1AA658215EAED6007657FF /* UIView.swift in Sources */,
				8B2086CA215D3E7E005EDF26 /* DarkTheme.swift in Sources */,
				8B1AA664215EAFBF007657FF /* UIWindow.swift in Sources */,
				8B2086C5215D3E68005EDF26 /* Theme.swift in Sources */,
				8B1AA666215EC593007657FF /* MainViewController.swift in Sources */,
				8B1AA656215EAE2E007657FF /* With.swift in Sources */,
				8B1AA66A215EDD8E007657FF /* AppSegmentedControl.swift in Sources */,
				8B2086CC215D3E89005EDF26 /* OceanTheme.swift in Sources */,
				8B2086AE215D3AB0005EDF26 /* AppDelegate.swift in Sources */,
				8B2086C8215D3E77005EDF26 /* LightTheme.swift in Sources */,
				8B1AA660215EAF5D007657FF /* AppLabel.swift in Sources */,
				8B1AA668215ED777007657FF /* AppSwitch.swift in Sources */,
				8B1AA66E215FD184007657FF /* AppSlider.swift in Sources */,
				8B1AA65C215EAF43007657FF /* AppButton.swift in Sources */,
				8B1AA66C215FD109007657FF /* AppStepper.swift in Sources */,
			);
			runOnlyForDeploymentPostprocessing = 0;
		};
/* End PBXSourcesBuildPhase section */

/* Begin PBXVariantGroup section */
		8B2086B3215D3AB0005EDF26 /* Main.storyboard */ = {
			isa = PBXVariantGroup;
			children = (
				8B2086B4215D3AB0005EDF26 /* Base */,
			);
			name = Main.storyboard;
			sourceTree = "<group>";
		};
		8B2086B8215D3AB1005EDF26 /* LaunchScreen.storyboard */ = {
			isa = PBXVariantGroup;
			children = (
				8B2086B9215D3AB1005EDF26 /* Base */,
			);
			name = LaunchScreen.storyboard;
			sourceTree = "<group>";
		};
/* End PBXVariantGroup section */

/* Begin XCBuildConfiguration section */
		8B2086BC215D3AB1005EDF26 /* Debug */ = {
			isa = XCBuildConfiguration;
			buildSettings = {
				ALWAYS_SEARCH_USER_PATHS = NO;
				CLANG_ANALYZER_NONNULL = YES;
				CLANG_ANALYZER_NUMBER_OBJECT_CONVERSION = YES_AGGRESSIVE;
				CLANG_CXX_LANGUAGE_STANDARD = "gnu++14";
				CLANG_CXX_LIBRARY = "libc++";
				CLANG_ENABLE_MODULES = YES;
				CLANG_ENABLE_OBJC_ARC = YES;
				CLANG_ENABLE_OBJC_WEAK = YES;
				CLANG_WARN_BLOCK_CAPTURE_AUTORELEASING = YES;
				CLANG_WARN_BOOL_CONVERSION = YES;
				CLANG_WARN_COMMA = YES;
				CLANG_WARN_CONSTANT_CONVERSION = YES;
				CLANG_WARN_DEPRECATED_OBJC_IMPLEMENTATIONS = YES;
				CLANG_WARN_DIRECT_OBJC_ISA_USAGE = YES_ERROR;
				CLANG_WARN_DOCUMENTATION_COMMENTS = YES;
				CLANG_WARN_EMPTY_BODY = YES;
				CLANG_WARN_ENUM_CONVERSION = YES;
				CLANG_WARN_INFINITE_RECURSION = YES;
				CLANG_WARN_INT_CONVERSION = YES;
				CLANG_WARN_NON_LITERAL_NULL_CONVERSION = YES;
				CLANG_WARN_OBJC_IMPLICIT_RETAIN_SELF = YES;
				CLANG_WARN_OBJC_LITERAL_CONVERSION = YES;
				CLANG_WARN_OBJC_ROOT_CLASS = YES_ERROR;
				CLANG_WARN_RANGE_LOOP_ANALYSIS = YES;
				CLANG_WARN_STRICT_PROTOTYPES = YES;
				CLANG_WARN_SUSPICIOUS_MOVE = YES;
				CLANG_WARN_UNGUARDED_AVAILABILITY = YES_AGGRESSIVE;
				CLANG_WARN_UNREACHABLE_CODE = YES;
				CLANG_WARN__DUPLICATE_METHOD_MATCH = YES;
				CODE_SIGN_IDENTITY = "iPhone Developer";
				COPY_PHASE_STRIP = NO;
				DEBUG_INFORMATION_FORMAT = dwarf;
				ENABLE_STRICT_OBJC_MSGSEND = YES;
				ENABLE_TESTABILITY = YES;
				GCC_C_LANGUAGE_STANDARD = gnu11;
				GCC_DYNAMIC_NO_PIC = NO;
				GCC_NO_COMMON_BLOCKS = YES;
				GCC_OPTIMIZATION_LEVEL = 0;
				GCC_PREPROCESSOR_DEFINITIONS = (
					"DEBUG=1",
					"$(inherited)",
				);
				GCC_WARN_64_TO_32_BIT_CONVERSION = YES;
				GCC_WARN_ABOUT_RETURN_TYPE = YES_ERROR;
				GCC_WARN_UNDECLARED_SELECTOR = YES;
				GCC_WARN_UNINITIALIZED_AUTOS = YES_AGGRESSIVE;
				GCC_WARN_UNUSED_FUNCTION = YES;
				GCC_WARN_UNUSED_VARIABLE = YES;
				IPHONEOS_DEPLOYMENT_TARGET = 10.2;
				MTL_ENABLE_DEBUG_INFO = INCLUDE_SOURCE;
				MTL_FAST_MATH = YES;
				ONLY_ACTIVE_ARCH = YES;
				SDKROOT = iphoneos;
				SWIFT_ACTIVE_COMPILATION_CONDITIONS = DEBUG;
				SWIFT_OPTIMIZATION_LEVEL = "-Onone";
			};
			name = Debug;
		};
		8B2086BD215D3AB1005EDF26 /* Release */ = {
			isa = XCBuildConfiguration;
			buildSettings = {
				ALWAYS_SEARCH_USER_PATHS = NO;
				CLANG_ANALYZER_NONNULL = YES;
				CLANG_ANALYZER_NUMBER_OBJECT_CONVERSION = YES_AGGRESSIVE;
				CLANG_CXX_LANGUAGE_STANDARD = "gnu++14";
				CLANG_CXX_LIBRARY = "libc++";
				CLANG_ENABLE_MODULES = YES;
				CLANG_ENABLE_OBJC_ARC = YES;
				CLANG_ENABLE_OBJC_WEAK = YES;
				CLANG_WARN_BLOCK_CAPTURE_AUTORELEASING = YES;
				CLANG_WARN_BOOL_CONVERSION = YES;
				CLANG_WARN_COMMA = YES;
				CLANG_WARN_CONSTANT_CONVERSION = YES;
				CLANG_WARN_DEPRECATED_OBJC_IMPLEMENTATIONS = YES;
				CLANG_WARN_DIRECT_OBJC_ISA_USAGE = YES_ERROR;
				CLANG_WARN_DOCUMENTATION_COMMENTS = YES;
				CLANG_WARN_EMPTY_BODY = YES;
				CLANG_WARN_ENUM_CONVERSION = YES;
				CLANG_WARN_INFINITE_RECURSION = YES;
				CLANG_WARN_INT_CONVERSION = YES;
				CLANG_WARN_NON_LITERAL_NULL_CONVERSION = YES;
				CLANG_WARN_OBJC_IMPLICIT_RETAIN_SELF = YES;
				CLANG_WARN_OBJC_LITERAL_CONVERSION = YES;
				CLANG_WARN_OBJC_ROOT_CLASS = YES_ERROR;
				CLANG_WARN_RANGE_LOOP_ANALYSIS = YES;
				CLANG_WARN_STRICT_PROTOTYPES = YES;
				CLANG_WARN_SUSPICIOUS_MOVE = YES;
				CLANG_WARN_UNGUARDED_AVAILABILITY = YES_AGGRESSIVE;
				CLANG_WARN_UNREACHABLE_CODE = YES;
				CLANG_WARN__DUPLICATE_METHOD_MATCH = YES;
				CODE_SIGN_IDENTITY = "iPhone Developer";
				COPY_PHASE_STRIP = NO;
				DEBUG_INFORMATION_FORMAT = "dwarf-with-dsym";
				ENABLE_NS_ASSERTIONS = NO;
				ENABLE_STRICT_OBJC_MSGSEND = YES;
				GCC_C_LANGUAGE_STANDARD = gnu11;
				GCC_NO_COMMON_BLOCKS = YES;
				GCC_WARN_64_TO_32_BIT_CONVERSION = YES;
				GCC_WARN_ABOUT_RETURN_TYPE = YES_ERROR;
				GCC_WARN_UNDECLARED_SELECTOR = YES;
				GCC_WARN_UNINITIALIZED_AUTOS = YES_AGGRESSIVE;
				GCC_WARN_UNUSED_FUNCTION = YES;
				GCC_WARN_UNUSED_VARIABLE = YES;
				IPHONEOS_DEPLOYMENT_TARGET = 10.2;
				MTL_ENABLE_DEBUG_INFO = NO;
				MTL_FAST_MATH = YES;
				SDKROOT = iphoneos;
				SWIFT_COMPILATION_MODE = wholemodule;
				SWIFT_OPTIMIZATION_LEVEL = "-O";
				VALIDATE_PRODUCT = YES;
			};
			name = Release;
		};
		8B2086BF215D3AB1005EDF26 /* Debug */ = {
			isa = XCBuildConfiguration;
			buildSettings = {
				ASSETCATALOG_COMPILER_APPICON_NAME = AppIcon;
				CODE_SIGN_IDENTITY = "iPhone Developer";
				CODE_SIGN_STYLE = Manual;
				DEVELOPMENT_TEAM = "";
				INFOPLIST_FILE = ThemeKit/Info.plist;
				LD_RUNPATH_SEARCH_PATHS = (
					"$(inherited)",
					"@executable_path/Frameworks",
				);
				PRODUCT_BUNDLE_IDENTIFIER = com.basememara.ThemeKit;
				PRODUCT_NAME = "$(TARGET_NAME)";
				PROVISIONING_PROFILE_SPECIFIER = "";
				SWIFT_VERSION = 4.2;
				TARGETED_DEVICE_FAMILY = "1,2";
			};
			name = Debug;
		};
		8B2086C0215D3AB1005EDF26 /* Release */ = {
			isa = XCBuildConfiguration;
			buildSettings = {
				ASSETCATALOG_COMPILER_APPICON_NAME = AppIcon;
				CODE_SIGN_IDENTITY = "iPhone Developer";
				CODE_SIGN_STYLE = Manual;
				DEVELOPMENT_TEAM = "";
				INFOPLIST_FILE = ThemeKit/Info.plist;
				LD_RUNPATH_SEARCH_PATHS = (
					"$(inherited)",
					"@executable_path/Frameworks",
				);
				PRODUCT_BUNDLE_IDENTIFIER = com.basememara.ThemeKit;
				PRODUCT_NAME = "$(TARGET_NAME)";
				PROVISIONING_PROFILE_SPECIFIER = "";
				SWIFT_VERSION = 4.2;
				TARGETED_DEVICE_FAMILY = "1,2";
			};
			name = Release;
		};
/* End XCBuildConfiguration section */

/* Begin XCConfigurationList section */
		8B2086A5215D3AB0005EDF26 /* Build configuration list for PBXProject "ThemeKit" */ = {
			isa = XCConfigurationList;
			buildConfigurations = (
				8B2086BC215D3AB1005EDF26 /* Debug */,
				8B2086BD215D3AB1005EDF26 /* Release */,
			);
			defaultConfigurationIsVisible = 0;
			defaultConfigurationName = Release;
		};
		8B2086BE215D3AB1005EDF26 /* Build configuration list for PBXNativeTarget "ThemeKit" */ = {
			isa = XCConfigurationList;
			buildConfigurations = (
				8B2086BF215D3AB1005EDF26 /* Debug */,
				8B2086C0215D3AB1005EDF26 /* Release */,
			);
			defaultConfigurationIsVisible = 0;
			defaultConfigurationName = Release;
		};
/* End XCConfigurationList section */
	};
	rootObject = 8B2086A2215D3AB0005EDF26 /* Project object */;
}
